
Microsoft Visual Studio Solution File, Format Version 12.00
# Visual Studio Version 16
VisualStudioVersion = 16.0.30717.126
MinimumVisualStudioVersion = 10.0.40219.1
Project("{9A19103F-16F7-4668-BE54-9A1E7A4F7556}") = "MessageBrokerRabbitMQ", "MessageBroker\MessageBrokerRabbitMQ.csproj", "{6E82DF65-DE3B-40EE-B3FD-097BD746F884}"
EndProject
Global
	GlobalSection(SolutionConfigurationPlatforms) = preSolution
		Debug|Any CPU = Debug|Any CPU
		Release|Any CPU = Release|Any CPU
	EndGlobalSection
	GlobalSection(ProjectConfigurationPlatforms) = postSolution
		{6E82DF65-DE3B-40EE-B3FD-097BD746F884}.Debug|Any CPU.ActiveCfg = Debug|Any CPU
		{6E82DF65-DE3B-40EE-B3FD-097BD746F884}.Debug|Any CPU.Build.0 = Debug|Any CPU
		{6E82DF65-DE3B-40EE-B3FD-097BD746F884}.Release|Any CPU.ActiveCfg = Release|Any CPU
		{6E82DF65-DE3B-40EE-B3FD-097BD746F884}.Release|Any CPU.Build.0 = Release|Any CPU
	EndGlobalSection
	GlobalSection(SolutionProperties) = preSolution
		HideSolutionNode = FALSE
	EndGlobalSection
	GlobalSection(ExtensibilityGlobals) = postSolution
		SolutionGuid = {547CE48D-B57E-4547-BB2F-1BA98522415E}
	EndGlobalSection
EndGlobal
